
Microsoft Visual Studio Solution File, Format Version 12.00
# Visual Studio Version 17
VisualStudioVersion = 17.5.002.0
MinimumVisualStudioVersion = 10.0.40219.1
Project("{9A19103F-16F7-4668-BE54-9A1E7A4F7556}") = "JusticeAvengers", "JusticeAvengers.csproj", "{F78FCD3E-60A2-4868-874B-E2F4757E63B3}"
EndProject
Global
	GlobalSection(SolutionConfigurationPlatforms) = preSolution
		Debug|Any CPU = Debug|Any CPU
		Release|Any CPU = Release|Any CPU
	EndGlobalSection
	GlobalSection(ProjectConfigurationPlatforms) = postSolution
		{F78FCD3E-60A2-4868-874B-E2F4757E63B3}.Debug|Any CPU.ActiveCfg = Debug|Any CPU
		{F78FCD3E-60A2-4868-874B-E2F4757E63B3}.Debug|Any CPU.Build.0 = Debug|Any CPU
		{F78FCD3E-60A2-4868-874B-E2F4757E63B3}.Release|Any CPU.ActiveCfg = Release|Any CPU
		{F78FCD3E-60A2-4868-874B-E2F4757E63B3}.Release|Any CPU.Build.0 = Release|Any CPU
	EndGlobalSection
	GlobalSection(SolutionProperties) = preSolution
		HideSolutionNode = FALSE
	EndGlobalSection
	GlobalSection(ExtensibilityGlobals) = postSolution
		SolutionGuid = {E25B2237-1DDB-4254-9B8A-6306909046A0}
	EndGlobalSection
EndGlobal
